// !$*UTF8*$!
{
	archiveVersion = 1;
	classes = {
	};
	objectVersion = 46;
	objects = {

/* Begin PBXBuildFile section */
		D7DA560E21018E4B00F6DCA2 /* AppDelegate.swift in Sources */ = {isa = PBXBuildFile; fileRef = D7DA560D21018E4B00F6DCA2 /* AppDelegate.swift */; };
		D7DA561021018E4B00F6DCA2 /* InputViewController.swift in Sources */ = {isa = PBXBuildFile; fileRef = D7DA560F21018E4B00F6DCA2 /* InputViewController.swift */; };
		D7DA561321018E4B00F6DCA2 /* Main.storyboard in Resources */ = {isa = PBXBuildFile; fileRef = D7DA561121018E4B00F6DCA2 /* Main.storyboard */; };
		D7DA561621018E4B00F6DCA2 /* ToDoList.xcdatamodeld in Sources */ = {isa = PBXBuildFile; fileRef = D7DA561421018E4B00F6DCA2 /* ToDoList.xcdatamodeld */; };
		D7DA561821018E4B00F6DCA2 /* Assets.xcassets in Resources */ = {isa = PBXBuildFile; fileRef = D7DA561721018E4B00F6DCA2 /* Assets.xcassets */; };
		D7DA561B21018E4B00F6DCA2 /* LaunchScreen.storyboard in Resources */ = {isa = PBXBuildFile; fileRef = D7DA561921018E4B00F6DCA2 /* LaunchScreen.storyboard */; };
		D7DA562321018F1E00F6DCA2 /* ToDoViewController.swift in Sources */ = {isa = PBXBuildFile; fileRef = D7DA562221018F1E00F6DCA2 /* ToDoViewController.swift */; };
/* End PBXBuildFile section */

/* Begin PBXFileReference section */
		D7DA560A21018E4B00F6DCA2 /* ToDoList.app */ = {isa = PBXFileReference; explicitFileType = wrapper.application; includeInIndex = 0; path = ToDoList.app; sourceTree = BUILT_PRODUCTS_DIR; };
		D7DA560D21018E4B00F6DCA2 /* AppDelegate.swift */ = {isa = PBXFileReference; lastKnownFileType = sourcecode.swift; path = AppDelegate.swift; sourceTree = "<group>"; };
		D7DA560F21018E4B00F6DCA2 /* InputViewController.swift */ = {isa = PBXFileReference; lastKnownFileType = sourcecode.swift; path = InputViewController.swift; sourceTree = "<group>"; };
		D7DA561221018E4B00F6DCA2 /* Base */ = {isa = PBXFileReference; lastKnownFileType = file.storyboard; name = Base; path = Base.lproj/Main.storyboard; sourceTree = "<group>"; };
		D7DA561521018E4B00F6DCA2 /* ToDoList.xcdatamodel */ = {isa = PBXFileReference; lastKnownFileType = wrapper.xcdatamodel; path = ToDoList.xcdatamodel; sourceTree = "<group>"; };
		D7DA561721018E4B00F6DCA2 /* Assets.xcassets */ = {isa = PBXFileReference; lastKnownFileType = folder.assetcatalog; path = Assets.xcassets; sourceTree = "<group>"; };
		D7DA561A21018E4B00F6DCA2 /* Base */ = {isa = PBXFileReference; lastKnownFileType = file.storyboard; name = Base; path = Base.lproj/LaunchScreen.storyboard; sourceTree = "<group>"; };
		D7DA561C21018E4B00F6DCA2 /* Info.plist */ = {isa = PBXFileReference; lastKnownFileType = text.plist.xml; path = Info.plist; sourceTree = "<group>"; };
		D7DA562221018F1E00F6DCA2 /* ToDoViewController.swift */ = {isa = PBXFileReference; fileEncoding = 4; lastKnownFileType = sourcecode.swift; path = ToDoViewController.swift; sourceTree = "<group>"; };
/* End PBXFileReference section */

/* Begin PBXFrameworksBuildPhase section */
		D7DA560721018E4B00F6DCA2 /* Frameworks */ = {
			isa = PBXFrameworksBuildPhase;
			buildActionMask = 2147483647;
			files = (
			);
			runOnlyForDeploymentPostprocessing = 0;
		};
/* End PBXFrameworksBuildPhase section */

/* Begin PBXGroup section */
		D7DA560121018E4B00F6DCA2 = {
			isa = PBXGroup;
			children = (
				D7DA560C21018E4B00F6DCA2 /* ToDoList */,
				D7DA560B21018E4B00F6DCA2 /* Products */,
			);
			sourceTree = "<group>";
		};
		D7DA560B21018E4B00F6DCA2 /* Products */ = {
			isa = PBXGroup;
			children = (
				D7DA560A21018E4B00F6DCA2 /* ToDoList.app */,
			);
			name = Products;
			sourceTree = "<group>";
		};
		D7DA560C21018E4B00F6DCA2 /* ToDoList */ = {
			isa = PBXGroup;
			children = (
				D7DA560D21018E4B00F6DCA2 /* AppDelegate.swift */,
				D7DA560F21018E4B00F6DCA2 /* InputViewController.swift */,
				D7DA562221018F1E00F6DCA2 /* ToDoViewController.swift */,
				D7DA561121018E4B00F6DCA2 /* Main.storyboard */,
				D7DA561721018E4B00F6DCA2 /* Assets.xcassets */,
				D7DA561921018E4B00F6DCA2 /* LaunchScreen.storyboard */,
				D7DA561C21018E4B00F6DCA2 /* Info.plist */,
				D7DA561421018E4B00F6DCA2 /* ToDoList.xcdatamodeld */,
			);
			path = ToDoList;
			sourceTree = "<group>";
		};
/* End PBXGroup section */

/* Begin PBXNativeTarget section */
		D7DA560921018E4B00F6DCA2 /* ToDoList */ = {
			isa = PBXNativeTarget;
			buildConfigurationList = D7DA561F21018E4B00F6DCA2 /* Build configuration list for PBXNativeTarget "ToDoList" */;
			buildPhases = (
				D7DA560621018E4B00F6DCA2 /* Sources */,
				D7DA560721018E4B00F6DCA2 /* Frameworks */,
				D7DA560821018E4B00F6DCA2 /* Resources */,
			);
			buildRules = (
			);
			dependencies = (
			);
			name = ToDoList;
			productName = ToDoList;
			productReference = D7DA560A21018E4B00F6DCA2 /* ToDoList.app */;
			productType = "com.apple.product-type.application";
		};
/* End PBXNativeTarget section */

/* Begin PBXProject section */
		D7DA560221018E4B00F6DCA2 /* Project object */ = {
			isa = PBXProject;
			attributes = {
				LastSwiftUpdateCheck = 0820;
				LastUpgradeCheck = 0820;
				ORGANIZATIONNAME = "David Hortsman";
				TargetAttributes = {
					D7DA560921018E4B00F6DCA2 = {
						CreatedOnToolsVersion = 8.2.1;
						ProvisioningStyle = Automatic;
					};
				};
			};
			buildConfigurationList = D7DA560521018E4B00F6DCA2 /* Build configuration list for PBXProject "ToDoList" */;
			compatibilityVersion = "Xcode 3.2";
			developmentRegion = English;
			hasScannedForEncodings = 0;
			knownRegions = (
				en,
				Base,
			);
			mainGroup = D7DA560121018E4B00F6DCA2;
			productRefGroup = D7DA560B21018E4B00F6DCA2 /* Products */;
			projectDirPath = "";
			projectRoot = "";
			targets = (
				D7DA560921018E4B00F6DCA2 /* ToDoList */,
			);
		};
/* End PBXProject section */

/* Begin PBXResourcesBuildPhase section */
		D7DA560821018E4B00F6DCA2 /* Resources */ = {
			isa = PBXResourcesBuildPhase;
			buildActionMask = 2147483647;
			files = (
				D7DA561B21018E4B00F6DCA2 /* LaunchScreen.storyboard in Resources */,
				D7DA561821018E4B00F6DCA2 /* Assets.xcassets in Resources */,
				D7DA561321018E4B00F6DCA2 /* Main.storyboard in Resources */,
			);
			runOnlyForDeploymentPostprocessing = 0;
		};
/* End PBXResourcesBuildPhase section */

/* Begin PBXSourcesBuildPhase section */
		D7DA560621018E4B00F6DCA2 /* Sources */ = {
			isa = PBXSourcesBuildPhase;
			buildActionMask = 2147483647;
			files = (
				D7DA562321018F1E00F6DCA2 /* ToDoViewController.swift in Sources */,
				D7DA561021018E4B00F6DCA2 /* InputViewController.swift in Sources */,
				D7DA561621018E4B00F6DCA2 /* ToDoList.xcdatamodeld in Sources */,
				D7DA560E21018E4B00F6DCA2 /* AppDelegate.swift in Sources */,
			);
			runOnlyForDeploymentPostprocessing = 0;
		};
/* End PBXSourcesBuildPhase section */

/* Begin PBXVariantGroup section */
		D7DA561121018E4B00F6DCA2 /* Main.storyboard */ = {
			isa = PBXVariantGroup;
			children = (
				D7DA561221018E4B00F6DCA2 /* Base */,
			);
			name = Main.storyboard;
			sourceTree = "<group>";
		};
		D7DA561921018E4B00F6DCA2 /* LaunchScreen.storyboard */ = {
			isa = PBXVariantGroup;
			children = (
				D7DA561A21018E4B00F6DCA2 /* Base */,
			);
			name = LaunchScreen.storyboard;
			sourceTree = "<group>";
		};
/* End PBXVariantGroup section */

/* Begin XCBuildConfiguration section */
		D7DA561D21018E4B00F6DCA2 /* Debug */ = {
			isa = XCBuildConfiguration;
			buildSettings = {
				ALWAYS_SEARCH_USER_PATHS = NO;
				CLANG_ANALYZER_NONNULL = YES;
				CLANG_CXX_LANGUAGE_STANDARD = "gnu++0x";
				CLANG_CXX_LIBRARY = "libc++";
				CLANG_ENABLE_MODULES = YES;
				CLANG_ENABLE_OBJC_ARC = YES;
				CLANG_WARN_BOOL_CONVERSION = YES;
				CLANG_WARN_CONSTANT_CONVERSION = YES;
				CLANG_WARN_DIRECT_OBJC_ISA_USAGE = YES_ERROR;
				CLANG_WARN_DOCUMENTATION_COMMENTS = YES;
				CLANG_WARN_EMPTY_BODY = YES;
				CLANG_WARN_ENUM_CONVERSION = YES;
				CLANG_WARN_INFINITE_RECURSION = YES;
				CLANG_WARN_INT_CONVERSION = YES;
				CLANG_WARN_OBJC_ROOT_CLASS = YES_ERROR;
				CLANG_WARN_SUSPICIOUS_MOVE = YES;
				CLANG_WARN_UNREACHABLE_CODE = YES;
				CLANG_WARN__DUPLICATE_METHOD_MATCH = YES;
				"CODE_SIGN_IDENTITY[sdk=iphoneos*]" = "iPhone Developer";
				COPY_PHASE_STRIP = NO;
				DEBUG_INFORMATION_FORMAT = dwarf;
				ENABLE_STRICT_OBJC_MSGSEND = YES;
				ENABLE_TESTABILITY = YES;
				GCC_C_LANGUAGE_STANDARD = gnu99;
				GCC_DYNAMIC_NO_PIC = NO;
				GCC_NO_COMMON_BLOCKS = YES;
				GCC_OPTIMIZATION_LEVEL = 0;
				GCC_PREPROCESSOR_DEFINITIONS = (
					"DEBUG=1",
					"$(inherited)",
				);
				GCC_WARN_64_TO_32_BIT_CONVERSION = YES;
				GCC_WARN_ABOUT_RETURN_TYPE = YES_ERROR;
				GCC_WARN_UNDECLARED_SELECTOR = YES;
				GCC_WARN_UNINITIALIZED_AUTOS = YES_AGGRESSIVE;
				GCC_WARN_UNUSED_FUNCTION = YES;
				GCC_WARN_UNUSED_VARIABLE = YES;
				IPHONEOS_DEPLOYMENT_TARGET = 10.2;
				MTL_ENABLE_DEBUG_INFO = YES;
				ONLY_ACTIVE_ARCH = YES;
				SDKROOT = iphoneos;
				SWIFT_ACTIVE_COMPILATION_CONDITIONS = DEBUG;
				SWIFT_OPTIMIZATION_LEVEL = "-Onone";
				TARGETED_DEVICE_FAMILY = "1,2";
			};
			name = Debug;
		};
		D7DA561E21018E4B00F6DCA2 /* Release */ = {
			isa = XCBuildConfiguration;
			buildSettings = {
				ALWAYS_SEARCH_USER_PATHS = NO;
				CLANG_ANALYZER_NONNULL = YES;
				CLANG_CXX_LANGUAGE_STANDARD = "gnu++0x";
				CLANG_CXX_LIBRARY = "libc++";
				CLANG_ENABLE_MODULES = YES;
				CLANG_ENABLE_OBJC_ARC = YES;
				CLANG_WARN_BOOL_CONVERSION = YES;
				CLANG_WARN_CONSTANT_CONVERSION = YES;
				CLANG_WARN_DIRECT_OBJC_ISA_USAGE = YES_ERROR;
				CLANG_WARN_DOCUMENTATION_COMMENTS = YES;
				CLANG_WARN_EMPTY_BODY = YES;
				CLANG_WARN_ENUM_CONVERSION = YES;
				CLANG_WARN_INFINITE_RECURSION = YES;
				CLANG_WARN_INT_CONVERSION = YES;
				CLANG_WARN_OBJC_ROOT_CLASS = YES_ERROR;
				CLANG_WARN_SUSPICIOUS_MOVE = YES;
				CLANG_WARN_UNREACHABLE_CODE = YES;
				CLANG_WARN__DUPLICATE_METHOD_MATCH = YES;
				"CODE_SIGN_IDENTITY[sdk=iphoneos*]" = "iPhone Developer";
				COPY_PHASE_STRIP = NO;
				DEBUG_INFORMATION_FORMAT = "dwarf-with-dsym";
				ENABLE_NS_ASSERTIONS = NO;
				ENABLE_STRICT_OBJC_MSGSEND = YES;
				GCC_C_LANGUAGE_STANDARD = gnu99;
				GCC_NO_COMMON_BLOCKS = YES;
				GCC_WARN_64_TO_32_BIT_CONVERSION = YES;
				GCC_WARN_ABOUT_RETURN_TYPE = YES_ERROR;
				GCC_WARN_UNDECLARED_SELECTOR = YES;
				GCC_WARN_UNINITIALIZED_AUTOS = YES_AGGRESSIVE;
				GCC_WARN_UNUSED_FUNCTION = YES;
				GCC_WARN_UNUSED_VARIABLE = YES;
				IPHONEOS_DEPLOYMENT_TARGET = 10.2;
				MTL_ENABLE_DEBUG_INFO = NO;
				SDKROOT = iphoneos;
				SWIFT_OPTIMIZATION_LEVEL = "-Owholemodule";
				TARGETED_DEVICE_FAMILY = "1,2";
				VALIDATE_PRODUCT = YES;
			};
			name = Release;
		};
		D7DA562021018E4B00F6DCA2 /* Debug */ = {
			isa = XCBuildConfiguration;
			buildSettings = {
				ASSETCATALOG_COMPILER_APPICON_NAME = AppIcon;
				INFOPLIST_FILE = ToDoList/Info.plist;
				LD_RUNPATH_SEARCH_PATHS = "$(inherited) @executable_path/Frameworks";
				PRODUCT_BUNDLE_IDENTIFIER = com.ddhorstman.ToDoList;
				PRODUCT_NAME = "$(TARGET_NAME)";
				SWIFT_VERSION = 3.0;
			};
			name = Debug;
		};
		D7DA562121018E4B00F6DCA2 /* Release */ = {
			isa = XCBuildConfiguration;
			buildSettings = {
				ASSETCATALOG_COMPILER_APPICON_NAME = AppIcon;
				INFOPLIST_FILE = ToDoList/Info.plist;
				LD_RUNPATH_SEARCH_PATHS = "$(inherited) @executable_path/Frameworks";
				PRODUCT_BUNDLE_IDENTIFIER = com.ddhorstman.ToDoList;
				PRODUCT_NAME = "$(TARGET_NAME)";
				SWIFT_VERSION = 3.0;
			};
			name = Release;
		};
/* End XCBuildConfiguration section */

/* Begin XCConfigurationList section */
		D7DA560521018E4B00F6DCA2 /* Build configuration list for PBXProject "ToDoList" */ = {
			isa = XCConfigurationList;
			buildConfigurations = (
				D7DA561D21018E4B00F6DCA2 /* Debug */,
				D7DA561E21018E4B00F6DCA2 /* Release */,
			);
			defaultConfigurationIsVisible = 0;
			defaultConfigurationName = Release;
		};
		D7DA561F21018E4B00F6DCA2 /* Build configuration list for PBXNativeTarget "ToDoList" */ = {
			isa = XCConfigurationList;
			buildConfigurations = (
				D7DA562021018E4B00F6DCA2 /* Debug */,
				D7DA562121018E4B00F6DCA2 /* Release */,
			);
			defaultConfigurationIsVisible = 0;
		};
/* End XCConfigurationList section */

/* Begin XCVersionGroup section */
		D7DA561421018E4B00F6DCA2 /* ToDoList.xcdatamodeld */ = {
			isa = XCVersionGroup;
			children = (
				D7DA561521018E4B00F6DCA2 /* ToDoList.xcdatamodel */,
			);
			currentVersion = D7DA561521018E4B00F6DCA2 /* ToDoList.xcdatamodel */;
			path = ToDoList.xcdatamodeld;
			sourceTree = "<group>";
			versionGroupType = wrapper.xcdatamodel;
		};
/* End XCVersionGroup section */
	};
	rootObject = D7DA560221018E4B00F6DCA2 /* Project object */;
}
